// !$*UTF8*$!
{
	archiveVersion = 1;
	classes = {
	};
	objectVersion = 46;
	objects = {

/* Begin PBXBuildFile section */
		B2F5FF6D15F86F7F0027B1C1 /* UIKit.framework in Frameworks */ = {isa = PBXBuildFile; fileRef = B2F5FF6C15F86F7F0027B1C1 /* UIKit.framework */; };
		B2F5FF6F15F86F7F0027B1C1 /* Foundation.framework in Frameworks */ = {isa = PBXBuildFile; fileRef = B2F5FF6E15F86F7F0027B1C1 /* Foundation.framework */; };
		B2F5FF7115F86F7F0027B1C1 /* CoreGraphics.framework in Frameworks */ = {isa = PBXBuildFile; fileRef = B2F5FF7015F86F7F0027B1C1 /* CoreGraphics.framework */; };
		B2F5FF7715F86F7F0027B1C1 /* InfoPlist.strings in Resources */ = {isa = PBXBuildFile; fileRef = B2F5FF7515F86F7F0027B1C1 /* InfoPlist.strings */; };
		B2F5FF7915F86F7F0027B1C1 /* main.m in Sources */ = {isa = PBXBuildFile; fileRef = B2F5FF7815F86F7F0027B1C1 /* main.m */; };
		B2F5FF7D15F86F7F0027B1C1 /* AppDelegate.m in Sources */ = {isa = PBXBuildFile; fileRef = B2F5FF7C15F86F7F0027B1C1 /* AppDelegate.m */; };
		B2F5FF8015F86F7F0027B1C1 /* ViewController.m in Sources */ = {isa = PBXBuildFile; fileRef = B2F5FF7F15F86F7F0027B1C1 /* ViewController.m */; };
		B2F5FF8315F86F7F0027B1C1 /* ViewController.xib in Resources */ = {isa = PBXBuildFile; fileRef = B2F5FF8115F86F7F0027B1C1 /* ViewController.xib */; };
		B2F5FF9315F8706A0027B1C1 /* test6.jpg in Resources */ = {isa = PBXBuildFile; fileRef = B2F5FF8D15F8706A0027B1C1 /* test6.jpg */; };
		B2F5FF9415F8706A0027B1C1 /* 1.jpg in Resources */ = {isa = PBXBuildFile; fileRef = B2F5FF8E15F8706A0027B1C1 /* 1.jpg */; };
		B2F5FF9515F8706A0027B1C1 /* 2.jpg in Resources */ = {isa = PBXBuildFile; fileRef = B2F5FF8F15F8706A0027B1C1 /* 2.jpg */; };
		B2F5FF9615F8706A0027B1C1 /* 3.jpg in Resources */ = {isa = PBXBuildFile; fileRef = B2F5FF9015F8706A0027B1C1 /* 3.jpg */; };
		B2F5FF9715F8706A0027B1C1 /* 4.jpg in Resources */ = {isa = PBXBuildFile; fileRef = B2F5FF9115F8706A0027B1C1 /* 4.jpg */; };
		B2F5FF9815F8706A0027B1C1 /* default.png in Resources */ = {isa = PBXBuildFile; fileRef = B2F5FF9215F8706A0027B1C1 /* default.png */; };
		B2F5FF9C15F8714A0027B1C1 /* UIImage+SplitImageIntoTwoParts.m in Sources */ = {isa = PBXBuildFile; fileRef = B2F5FF9A15F870840027B1C1 /* UIImage+SplitImageIntoTwoParts.m */; };
		B2F5FFAD15F87CA90027B1C1 /* NextViewController.m in Sources */ = {isa = PBXBuildFile; fileRef = B2F5FFAB15F87CA90027B1C1 /* NextViewController.m */; };
		B2F5FFAE15F87CA90027B1C1 /* NextViewController.xib in Resources */ = {isa = PBXBuildFile; fileRef = B2F5FFAC15F87CA90027B1C1 /* NextViewController.xib */; };
/* End PBXBuildFile section */

/* Begin PBXFileReference section */
		B2F5FF6815F86F7F0027B1C1 /* GuideViewController.app */ = {isa = PBXFileReference; explicitFileType = wrapper.application; includeInIndex = 0; path = GuideViewController.app; sourceTree = BUILT_PRODUCTS_DIR; };
		B2F5FF6C15F86F7F0027B1C1 /* UIKit.framework */ = {isa = PBXFileReference; lastKnownFileType = wrapper.framework; name = UIKit.framework; path = System/Library/Frameworks/UIKit.framework; sourceTree = SDKROOT; };
		B2F5FF6E15F86F7F0027B1C1 /* Foundation.framework */ = {isa = PBXFileReference; lastKnownFileType = wrapper.framework; name = Foundation.framework; path = System/Library/Frameworks/Foundation.framework; sourceTree = SDKROOT; };
		B2F5FF7015F86F7F0027B1C1 /* CoreGraphics.framework */ = {isa = PBXFileReference; lastKnownFileType = wrapper.framework; name = CoreGraphics.framework; path = System/Library/Frameworks/CoreGraphics.framework; sourceTree = SDKROOT; };
		B2F5FF7415F86F7F0027B1C1 /* GuideViewController-Info.plist */ = {isa = PBXFileReference; lastKnownFileType = text.plist.xml; path = "GuideViewController-Info.plist"; sourceTree = "<group>"; };
		B2F5FF7615F86F7F0027B1C1 /* en */ = {isa = PBXFileReference; lastKnownFileType = text.plist.strings; name = en; path = en.lproj/InfoPlist.strings; sourceTree = "<group>"; };
		B2F5FF7815F86F7F0027B1C1 /* main.m */ = {isa = PBXFileReference; lastKnownFileType = sourcecode.c.objc; path = main.m; sourceTree = "<group>"; };
		B2F5FF7A15F86F7F0027B1C1 /* GuideViewController-Prefix.pch */ = {isa = PBXFileReference; lastKnownFileType = sourcecode.c.h; path = "GuideViewController-Prefix.pch"; sourceTree = "<group>"; };
		B2F5FF7B15F86F7F0027B1C1 /* AppDelegate.h */ = {isa = PBXFileReference; lastKnownFileType = sourcecode.c.h; path = AppDelegate.h; sourceTree = "<group>"; };
		B2F5FF7C15F86F7F0027B1C1 /* AppDelegate.m */ = {isa = PBXFileReference; lastKnownFileType = sourcecode.c.objc; path = AppDelegate.m; sourceTree = "<group>"; };
		B2F5FF7E15F86F7F0027B1C1 /* ViewController.h */ = {isa = PBXFileReference; lastKnownFileType = sourcecode.c.h; path = ViewController.h; sourceTree = "<group>"; };
		B2F5FF7F15F86F7F0027B1C1 /* ViewController.m */ = {isa = PBXFileReference; lastKnownFileType = sourcecode.c.objc; path = ViewController.m; sourceTree = "<group>"; };
		B2F5FF8215F86F7F0027B1C1 /* en */ = {isa = PBXFileReference; lastKnownFileType = file.xib; name = en; path = en.lproj/ViewController.xib; sourceTree = "<group>"; };
		B2F5FF8D15F8706A0027B1C1 /* test6.jpg */ = {isa = PBXFileReference; lastKnownFileType = image.jpeg; path = test6.jpg; sourceTree = "<group>"; };
		B2F5FF8E15F8706A0027B1C1 /* 1.jpg */ = {isa = PBXFileReference; lastKnownFileType = image.jpeg; path = 1.jpg; sourceTree = "<group>"; };
		B2F5FF8F15F8706A0027B1C1 /* 2.jpg */ = {isa = PBXFileReference; lastKnownFileType = image.jpeg; path = 2.jpg; sourceTree = "<group>"; };
		B2F5FF9015F8706A0027B1C1 /* 3.jpg */ = {isa = PBXFileReference; lastKnownFileType = image.jpeg; path = 3.jpg; sourceTree = "<group>"; };
		B2F5FF9115F8706A0027B1C1 /* 4.jpg */ = {isa = PBXFileReference; lastKnownFileType = image.jpeg; path = 4.jpg; sourceTree = "<group>"; };
		B2F5FF9215F8706A0027B1C1 /* default.png */ = {isa = PBXFileReference; lastKnownFileType = image.png; path = default.png; sourceTree = "<group>"; };
		B2F5FF9915F870830027B1C1 /* UIImage+SplitImageIntoTwoParts.h */ = {isa = PBXFileReference; lastKnownFileType = sourcecode.c.h; path = "UIImage+SplitImageIntoTwoParts.h"; sourceTree = "<group>"; };
		B2F5FF9A15F870840027B1C1 /* UIImage+SplitImageIntoTwoParts.m */ = {isa = PBXFileReference; lastKnownFileType = sourcecode.c.objc; path = "UIImage+SplitImageIntoTwoParts.m"; sourceTree = "<group>"; };
		B2F5FFAA15F87CA90027B1C1 /* NextViewController.h */ = {isa = PBXFileReference; fileEncoding = 4; lastKnownFileType = sourcecode.c.h; name = NextViewController.h; path = ../NextViewController.h; sourceTree = "<group>"; };
		B2F5FFAB15F87CA90027B1C1 /* NextViewController.m */ = {isa = PBXFileReference; fileEncoding = 4; lastKnownFileType = sourcecode.c.objc; name = NextViewController.m; path = ../NextViewController.m; sourceTree = "<group>"; };
		B2F5FFAC15F87CA90027B1C1 /* NextViewController.xib */ = {isa = PBXFileReference; fileEncoding = 4; lastKnownFileType = file.xib; name = NextViewController.xib; path = ../NextViewController.xib; sourceTree = "<group>"; };
/* End PBXFileReference section */

/* Begin PBXFrameworksBuildPhase section */
		B2F5FF6515F86F7F0027B1C1 /* Frameworks */ = {
			isa = PBXFrameworksBuildPhase;
			buildActionMask = 2147483647;
			files = (
				B2F5FF6D15F86F7F0027B1C1 /* UIKit.framework in Frameworks */,
				B2F5FF6F15F86F7F0027B1C1 /* Foundation.framework in Frameworks */,
				B2F5FF7115F86F7F0027B1C1 /* CoreGraphics.framework in Frameworks */,
			);
			runOnlyForDeploymentPostprocessing = 0;
		};
/* End PBXFrameworksBuildPhase section */

/* Begin PBXGroup section */
		B2F5FF5D15F86F7F0027B1C1 = {
			isa = PBXGroup;
			children = (
				B2F5FF7215F86F7F0027B1C1 /* GuideViewController */,
				B2F5FF6B15F86F7F0027B1C1 /* Frameworks */,
				B2F5FF6915F86F7F0027B1C1 /* Products */,
			);
			sourceTree = "<group>";
		};
		B2F5FF6915F86F7F0027B1C1 /* Products */ = {
			isa = PBXGroup;
			children = (
				B2F5FF6815F86F7F0027B1C1 /* GuideViewController.app */,
			);
			name = Products;
			sourceTree = "<group>";
		};
		B2F5FF6B15F86F7F0027B1C1 /* Frameworks */ = {
			isa = PBXGroup;
			children = (
				B2F5FF6C15F86F7F0027B1C1 /* UIKit.framework */,
				B2F5FF6E15F86F7F0027B1C1 /* Foundation.framework */,
				B2F5FF7015F86F7F0027B1C1 /* CoreGraphics.framework */,
			);
			name = Frameworks;
			sourceTree = "<group>";
		};
		B2F5FF7215F86F7F0027B1C1 /* GuideViewController */ = {
			isa = PBXGroup;
			children = (
				B2F5FF9915F870830027B1C1 /* UIImage+SplitImageIntoTwoParts.h */,
				B2F5FF9A15F870840027B1C1 /* UIImage+SplitImageIntoTwoParts.m */,
				B2F5FF7B15F86F7F0027B1C1 /* AppDelegate.h */,
				B2F5FF7C15F86F7F0027B1C1 /* AppDelegate.m */,
				B2F5FF7E15F86F7F0027B1C1 /* ViewController.h */,
				B2F5FF7F15F86F7F0027B1C1 /* ViewController.m */,
				B2F5FF8115F86F7F0027B1C1 /* ViewController.xib */,
				B2F5FFAA15F87CA90027B1C1 /* NextViewController.h */,
				B2F5FFAB15F87CA90027B1C1 /* NextViewController.m */,
				B2F5FFAC15F87CA90027B1C1 /* NextViewController.xib */,
				B2F5FF7315F86F7F0027B1C1 /* Supporting Files */,
			);
			path = GuideViewController;
			sourceTree = "<group>";
		};
		B2F5FF7315F86F7F0027B1C1 /* Supporting Files */ = {
			isa = PBXGroup;
			children = (
				B2F5FF8C15F870600027B1C1 /* image */,
				B2F5FF7415F86F7F0027B1C1 /* GuideViewController-Info.plist */,
				B2F5FF7515F86F7F0027B1C1 /* InfoPlist.strings */,
				B2F5FF7815F86F7F0027B1C1 /* main.m */,
				B2F5FF7A15F86F7F0027B1C1 /* GuideViewController-Prefix.pch */,
			);
			name = "Supporting Files";
			sourceTree = "<group>";
		};
		B2F5FF8C15F870600027B1C1 /* image */ = {
			isa = PBXGroup;
			children = (
				B2F5FF8D15F8706A0027B1C1 /* test6.jpg */,
				B2F5FF8E15F8706A0027B1C1 /* 1.jpg */,
				B2F5FF8F15F8706A0027B1C1 /* 2.jpg */,
				B2F5FF9015F8706A0027B1C1 /* 3.jpg */,
				B2F5FF9115F8706A0027B1C1 /* 4.jpg */,
				B2F5FF9215F8706A0027B1C1 /* default.png */,
			);
			name = image;
			sourceTree = "<group>";
		};
/* End PBXGroup section */

/* Begin PBXNativeTarget section */
		B2F5FF6715F86F7F0027B1C1 /* GuideViewController */ = {
			isa = PBXNativeTarget;
			buildConfigurationList = B2F5FF8615F86F7F0027B1C1 /* Build configuration list for PBXNativeTarget "GuideViewController" */;
			buildPhases = (
				B2F5FF6415F86F7F0027B1C1 /* Sources */,
				B2F5FF6515F86F7F0027B1C1 /* Frameworks */,
				B2F5FF6615F86F7F0027B1C1 /* Resources */,
			);
			buildRules = (
			);
			dependencies = (
			);
			name = GuideViewController;
			productName = GuideViewController;
			productReference = B2F5FF6815F86F7F0027B1C1 /* GuideViewController.app */;
			productType = "com.apple.product-type.application";
		};
/* End PBXNativeTarget section */

/* Begin PBXProject section */
		B2F5FF5F15F86F7F0027B1C1 /* Project object */ = {
			isa = PBXProject;
			attributes = {
				LastUpgradeCheck = 0430;
			};
			buildConfigurationList = B2F5FF6215F86F7F0027B1C1 /* Build configuration list for PBXProject "GuideViewController" */;
			compatibilityVersion = "Xcode 3.2";
			developmentRegion = English;
			hasScannedForEncodings = 0;
			knownRegions = (
				en,
			);
			mainGroup = B2F5FF5D15F86F7F0027B1C1;
			productRefGroup = B2F5FF6915F86F7F0027B1C1 /* Products */;
			projectDirPath = "";
			projectRoot = "";
			targets = (
				B2F5FF6715F86F7F0027B1C1 /* GuideViewController */,
			);
		};
/* End PBXProject section */

/* Begin PBXResourcesBuildPhase section */
		B2F5FF6615F86F7F0027B1C1 /* Resources */ = {
			isa = PBXResourcesBuildPhase;
			buildActionMask = 2147483647;
			files = (
				B2F5FF7715F86F7F0027B1C1 /* InfoPlist.strings in Resources */,
				B2F5FF8315F86F7F0027B1C1 /* ViewController.xib in Resources */,
				B2F5FF9315F8706A0027B1C1 /* test6.jpg in Resources */,
				B2F5FF9415F8706A0027B1C1 /* 1.jpg in Resources */,
				B2F5FF9515F8706A0027B1C1 /* 2.jpg in Resources */,
				B2F5FF9615F8706A0027B1C1 /* 3.jpg in Resources */,
				B2F5FF9715F8706A0027B1C1 /* 4.jpg in Resources */,
				B2F5FF9815F8706A0027B1C1 /* default.png in Resources */,
				B2F5FFAE15F87CA90027B1C1 /* NextViewController.xib in Resources */,
			);
			runOnlyForDeploymentPostprocessing = 0;
		};
/* End PBXResourcesBuildPhase section */

/* Begin PBXSourcesBuildPhase section */
		B2F5FF6415F86F7F0027B1C1 /* Sources */ = {
			isa = PBXSourcesBuildPhase;
			buildActionMask = 2147483647;
			files = (
				B2F5FF9C15F8714A0027B1C1 /* UIImage+SplitImageIntoTwoParts.m in Sources */,
				B2F5FF7915F86F7F0027B1C1 /* main.m in Sources */,
				B2F5FF7D15F86F7F0027B1C1 /* AppDelegate.m in Sources */,
				B2F5FF8015F86F7F0027B1C1 /* ViewController.m in Sources */,
				B2F5FFAD15F87CA90027B1C1 /* NextViewController.m in Sources */,
			);
			runOnlyForDeploymentPostprocessing = 0;
		};
/* End PBXSourcesBuildPhase section */

/* Begin PBXVariantGroup section */
		B2F5FF7515F86F7F0027B1C1 /* InfoPlist.strings */ = {
			isa = PBXVariantGroup;
			children = (
				B2F5FF7615F86F7F0027B1C1 /* en */,
			);
			name = InfoPlist.strings;
			sourceTree = "<group>";
		};
		B2F5FF8115F86F7F0027B1C1 /* ViewController.xib */ = {
			isa = PBXVariantGroup;
			children = (
				B2F5FF8215F86F7F0027B1C1 /* en */,
			);
			name = ViewController.xib;
			sourceTree = "<group>";
		};
/* End PBXVariantGroup section */

/* Begin XCBuildConfiguration section */
		B2F5FF8415F86F7F0027B1C1 /* Debug */ = {
			isa = XCBuildConfiguration;
			buildSettings = {
				ALWAYS_SEARCH_USER_PATHS = NO;
				ARCHS = "$(ARCHS_STANDARD_32_BIT)";
				"CODE_SIGN_IDENTITY[sdk=iphoneos*]" = "iPhone Developer";
				COPY_PHASE_STRIP = NO;
				GCC_C_LANGUAGE_STANDARD = gnu99;
				GCC_DYNAMIC_NO_PIC = NO;
				GCC_OPTIMIZATION_LEVEL = 0;
				GCC_PREPROCESSOR_DEFINITIONS = (
					"DEBUG=1",
					"$(inherited)",
				);
				GCC_SYMBOLS_PRIVATE_EXTERN = NO;
				GCC_VERSION = com.apple.compilers.llvm.clang.1_0;
				GCC_WARN_ABOUT_RETURN_TYPE = YES;
				GCC_WARN_UNINITIALIZED_AUTOS = YES;
				GCC_WARN_UNUSED_VARIABLE = YES;
				IPHONEOS_DEPLOYMENT_TARGET = 5.1;
				SDKROOT = iphoneos;
			};
			name = Debug;
		};
		B2F5FF8515F86F7F0027B1C1 /* Release */ = {
			isa = XCBuildConfiguration;
			buildSettings = {
				ALWAYS_SEARCH_USER_PATHS = NO;
				ARCHS = "$(ARCHS_STANDARD_32_BIT)";
				"CODE_SIGN_IDENTITY[sdk=iphoneos*]" = "iPhone Developer";
				COPY_PHASE_STRIP = YES;
				GCC_C_LANGUAGE_STANDARD = gnu99;
				GCC_VERSION = com.apple.compilers.llvm.clang.1_0;
				GCC_WARN_ABOUT_RETURN_TYPE = YES;
				GCC_WARN_UNINITIALIZED_AUTOS = YES;
				GCC_WARN_UNUSED_VARIABLE = YES;
				IPHONEOS_DEPLOYMENT_TARGET = 5.1;
				OTHER_CFLAGS = "-DNS_BLOCK_ASSERTIONS=1";
				SDKROOT = iphoneos;
				VALIDATE_PRODUCT = YES;
			};
			name = Release;
		};
		B2F5FF8715F86F7F0027B1C1 /* Debug */ = {
			isa = XCBuildConfiguration;
			buildSettings = {
				GCC_PRECOMPILE_PREFIX_HEADER = YES;
				GCC_PREFIX_HEADER = "GuideViewController/GuideViewController-Prefix.pch";
				INFOPLIST_FILE = "GuideViewController/GuideViewController-Info.plist";
				PRODUCT_NAME = "$(TARGET_NAME)";
				WRAPPER_EXTENSION = app;
			};
			name = Debug;
		};
		B2F5FF8815F86F7F0027B1C1 /* Release */ = {
			isa = XCBuildConfiguration;
			buildSettings = {
				GCC_PRECOMPILE_PREFIX_HEADER = YES;
				GCC_PREFIX_HEADER = "GuideViewController/GuideViewController-Prefix.pch";
				INFOPLIST_FILE = "GuideViewController/GuideViewController-Info.plist";
				PRODUCT_NAME = "$(TARGET_NAME)";
				WRAPPER_EXTENSION = app;
			};
			name = Release;
		};
/* End XCBuildConfiguration section */

/* Begin XCConfigurationList section */
		B2F5FF6215F86F7F0027B1C1 /* Build configuration list for PBXProject "GuideViewController" */ = {
			isa = XCConfigurationList;
			buildConfigurations = (
				B2F5FF8415F86F7F0027B1C1 /* Debug */,
				B2F5FF8515F86F7F0027B1C1 /* Release */,
			);
			defaultConfigurationIsVisible = 0;
			defaultConfigurationName = Release;
		};
		B2F5FF8615F86F7F0027B1C1 /* Build configuration list for PBXNativeTarget "GuideViewController" */ = {
			isa = XCConfigurationList;
			buildConfigurations = (
				B2F5FF8715F86F7F0027B1C1 /* Debug */,
				B2F5FF8815F86F7F0027B1C1 /* Release */,
			);
			defaultConfigurationIsVisible = 0;
			defaultConfigurationName = Release;
		};
/* End XCConfigurationList section */
	};
	rootObject = B2F5FF5F15F86F7F0027B1C1 /* Project object */;
}
